
Microsoft Visual Studio Solution File, Format Version 12.00
# Visual Studio Version 16
VisualStudioVersion = 16.0.29306.81
MinimumVisualStudioVersion = 10.0.40219.1
Project("{FAE04EC0-301F-11D3-BF4B-00C04F79EFBC}") = "Call", "Call\Call.csproj", "{46D495B9-0D90-407E-A5CA-3474D6A9225B}"
EndProject
Project("{FAE04EC0-301F-11D3-BF4B-00C04F79EFBC}") = "Call.Test", "Call.Test\Call.Test.csproj", "{CFF08BFC-A920-4B63-8CBE-99C28629A300}"
EndProject
Global
	GlobalSection(SolutionConfigurationPlatforms) = preSolution
		Debug|Any CPU = Debug|Any CPU
		Release|Any CPU = Release|Any CPU
	EndGlobalSection
	GlobalSection(ProjectConfigurationPlatforms) = postSolution
		{46D495B9-0D90-407E-A5CA-3474D6A9225B}.Debug|Any CPU.ActiveCfg = Debug|Any CPU
		{46D495B9-0D90-407E-A5CA-3474D6A9225B}.Debug|Any CPU.Build.0 = Debug|Any CPU
		{46D495B9-0D90-407E-A5CA-3474D6A9225B}.Release|Any CPU.ActiveCfg = Release|Any CPU
		{46D495B9-0D90-407E-A5CA-3474D6A9225B}.Release|Any CPU.Build.0 = Release|Any CPU
		{CFF08BFC-A920-4B63-8CBE-99C28629A300}.Debug|Any CPU.ActiveCfg = Debug|Any CPU
		{CFF08BFC-A920-4B63-8CBE-99C28629A300}.Debug|Any CPU.Build.0 = Debug|Any CPU
		{CFF08BFC-A920-4B63-8CBE-99C28629A300}.Release|Any CPU.ActiveCfg = Release|Any CPU
		{CFF08BFC-A920-4B63-8CBE-99C28629A300}.Release|Any CPU.Build.0 = Release|Any CPU
	EndGlobalSection
	GlobalSection(SolutionProperties) = preSolution
		HideSolutionNode = FALSE
	EndGlobalSection
	GlobalSection(ExtensibilityGlobals) = postSolution
		SolutionGuid = {9F3C136F-DC80-4BD2-B0B2-C49F200AAFAE}
	EndGlobalSection
EndGlobal
